PODS:
  - Alamofire (5.5.0)
  - PutioAPI (0.18.0):
    - Alamofire (~> 5.5.0)
    - SwiftyJSON (~> 5.0)
  - SwiftyJSON (5.0.0)

DEPENDENCIES:
  - PutioAPI (from `../`)

SPEC REPOS:
  trunk:
    - Alamofire
    - SwiftyJSON

EXTERNAL SOURCES:
  PutioAPI:
    :path: "../"

SPEC CHECKSUMS:
  Alamofire: 1c4fb5369c3fe93d2857c780d8bbe09f06f97e7c
  PutioAPI: e57756b706ac06f8b890ae94a83d0926bdc69436
  SwiftyJSON: 36413e04c44ee145039d332b4f4e2d3e8d6c4db7

PODFILE CHECKSUM: b3d610bb13e416be7028cf682684f5e71c2356cc

COCOAPODS: 1.11.2
